# This file is autogenerated, do not edit; changes may be undone by the next 'dep ensure'.


[[projects]]
  name = "github.com/graphql-go/graphql"
  packages = [".","gqlerrors","language/ast","language/kinds","language/lexer","language/location","language/parser","language/printer","language/source","language/typeInfo","language/visitor"]
  revision = "d114382b5e9f369f253062f18b5033cfff025f82"
  version = "v7.1.0"

[solve-meta]
  analyzer-name = "dep"
  analyzer-version = 1
  inputs-digest = "87c4c3824f95f17cbba4c26801c35975ef1594639f713e0db2f426ff95c2c830"
  solver-name = "gps-cdcl"
  solver-version = 1
